
Microsoft Visual Studio Solution File, Format Version 12.00
# Visual Studio Version 17
VisualStudioVersion = 17.5.33516.290
MinimumVisualStudioVersion = 10.0.40219.1
Project("{FAE04EC0-301F-11D3-BF4B-00C04F79EFBC}") = "ElectronicMail", "ElectronicMail\ElectronicMail.csproj", "{AFAD9E90-800C-4C45-9E4F-DD9E6F9A4D52}"
EndProject
Global
	GlobalSection(SolutionConfigurationPlatforms) = preSolution
		Debug|Any CPU = Debug|Any CPU
		Release|Any CPU = Release|Any CPU
	EndGlobalSection
	GlobalSection(ProjectConfigurationPlatforms) = postSolution
		{AFAD9E90-800C-4C45-9E4F-DD9E6F9A4D52}.Debug|Any CPU.ActiveCfg = Debug|Any CPU
		{AFAD9E90-800C-4C45-9E4F-DD9E6F9A4D52}.Debug|Any CPU.Build.0 = Debug|Any CPU
		{AFAD9E90-800C-4C45-9E4F-DD9E6F9A4D52}.Release|Any CPU.ActiveCfg = Release|Any CPU
		{AFAD9E90-800C-4C45-9E4F-DD9E6F9A4D52}.Release|Any CPU.Build.0 = Release|Any CPU
	EndGlobalSection
	GlobalSection(SolutionProperties) = preSolution
		HideSolutionNode = FALSE
	EndGlobalSection
	GlobalSection(ExtensibilityGlobals) = postSolution
		SolutionGuid = {6D071992-2FAB-462D-AAE0-3AFF4D8D53D2}
	EndGlobalSection
EndGlobal
